{
  "name": "RyanBrown-55.github.io",
  "lockfileVersion": 2,
  "requires": true,
  "packages": {
    "": {
      "dependencies": {
        "plotly.js-dist": "^2.12.0"
      }
    },
    "node_modules/plotly.js-dist": {
      "version": "2.12.0",
      "resolved": "https://registry.npmjs.org/plotly.js-dist/-/plotly.js-dist-2.12.0.tgz",
      "integrity": "sha512-8tnP2w/NXv8+M/Tk3qCFFwvgbrsFnDp82psSkVxFlfJ3Qdze6yJCZUZ8ejt9bIfyZUwAlCQ/PtZXLQ1X8A6fzQ=="
    }
  },
  "dependencies": {
    "plotly.js-dist": {
      "version": "2.12.0",
      "resolved": "https://registry.npmjs.org/plotly.js-dist/-/plotly.js-dist-2.12.0.tgz",
      "integrity": "sha512-8tnP2w/NXv8+M/Tk3qCFFwvgbrsFnDp82psSkVxFlfJ3Qdze6yJCZUZ8ejt9bIfyZUwAlCQ/PtZXLQ1X8A6fzQ=="
    }
  }
}
